hash: bf9bd5cd5da5b6a0a19440357ffedad747239bd6b62bbfbab6d24dd281dc2bd7
updated: 2018-06-28T15:54:27.997069277+09:00
imports:
- name: github.com/deckarep/golang-set
  version: 504e848d77ea4752b3057b8fb46da0e7f746ccf3
- name: github.com/dgrijalva/jwt-go
  version: 06ea1031745cb8b3dab3f6a236daf2b0aa468b7e
- name: github.com/go-playground/ansi
  version: 777788a9be1a7296979a999c86b251fc777077a9
- name: github.com/go-playground/form
  version: 572fa772c66ec5e3606a1a548406e10fb62de317
- name: github.com/go-playground/pure
  version: dd99f50b7780fa6a1bc49b2994ecdab7b72b1c37
  subpackages:
  - _examples/middleware/logging-recovery
  - middleware
- name: github.com/kardianos/osext
  version: ae77be60afb1dcacde03767a8c37337fad28ac14
- name: github.com/kisielk/sqlstruct
  version: 648daed35d49dac24a4bff253b190a80da3ab6a5
- name: github.com/mattn/go-sqlite3
  version: 25ecb14adfc7543176f7d85291ec7dba82c6f7e4
- name: github.com/remind101/migrate
  version: 52c1edff7319858d56cbb1954ed32d520788a164
- name: github.com/satori/go.uuid
  version: 36e9d2ebbde5e3f13ab2e25625fd453271d6522e
- name: github.com/sevlyar/go-daemon
  version: f9261e73885de99b1647d68bedadf2b9a99ad11f
testImports: []
