hash: bf9bd5cd5da5b6a0a19440357ffedad747239bd6b62bbfbab6d24dd281dc2bd7
updated: 2018-01-20T12:14:15.583970119+09:00
imports:
- name: github.com/deckarep/golang-set
  version: 1d4478f51bed434f1dadf96dcd9b43aabac66795
- name: github.com/dgrijalva/jwt-go
  version: dbeaa9332f19a944acb5736b4456cfcc02140e29
- name: github.com/go-playground/ansi
  version: f04310fa3e7ce1a51b2fab542e0fcc5b78097e26
- name: github.com/go-playground/form
  version: 7b3f7e7430f0f1b8a744c80bb7ce6a629c65b396
- name: github.com/go-playground/pure
  version: dd99f50b7780fa6a1bc49b2994ecdab7b72b1c37
  subpackages:
  - _examples/middleware/logging-recovery
- name: github.com/kardianos/osext
  version: ae77be60afb1dcacde03767a8c37337fad28ac14
- name: github.com/kisielk/sqlstruct
  version: 648daed35d49dac24a4bff253b190a80da3ab6a5
- name: github.com/mattn/go-sqlite3
  version: 6c771bb9887719704b210e87e934f08be014bdb1
- name: github.com/remind101/migrate
  version: 52c1edff7319858d56cbb1954ed32d520788a164
- name: github.com/satori/go.uuid
  version: 879c5887cd475cd7864858769793b2ceb0d44feb
- name: github.com/sevlyar/go-daemon
  version: e49ef56654f54139c4dc0285f973f74e9649e729
testImports: []
