github.com/deckarep/golang-set v0.0.0-20180603214616-504e848d77ea/go.mod h1:93vsz/8Wt4joVM7c2AVqh+YRMiUSc14yDtF28KmMOgQ=
github.com/deckarep/golang-set v1.7.1 h1:SCQV0S6gTtp6itiFrTqI+pfmJ4LN85S1YzhDf9rTHJQ=
github.com/deckarep/golang-set v1.7.1/go.mod h1:93vsz/8Wt4joVM7c2AVqh+YRMiUSc14yDtF28KmMOgQ=
github.com/dgrijalva/jwt-go v3.2.0+incompatible h1:7qlOGliEKZXTDg6OTjfoBKDXWrumCAMpl/TFQ4/5kLM=
github.com/dgrijalva/jwt-go v3.2.0+incompatible/go.mod h1:E3ru+11k8xSBh+hMPgOLZmtrrCbhqsmaPHjLKYnJCaQ=
github.com/go-playground/ansi v2.1.0+incompatible h1:f9ldskdk1seTFmYjbmPaYB+WYsDKWc4UXcGb+e9JrN8=
github.com/go-playground/ansi v2.1.0+incompatible/go.mod h1:OCdnfTFO/GfFtp+ktUt+PhElbGOwyTRUuRUsA+Y5pSU=
github.com/go-playground/form v3.1.3+incompatible/go.mod h1:lhcKXfTuhRtIZCIKUeJ0b5F207aeQCPbZU09ScKjwWg=
github.com/go-playground/form v3.1.4+incompatible h1:lvKiHVxE2WvzDIoyMnWcjyiBxKt2+uFJyZcPYWsLnjI=
github.com/go-playground/form v3.1.4+incompatible/go.mod h1:lhcKXfTuhRtIZCIKUeJ0b5F207aeQCPbZU09ScKjwWg=
github.com/go-playground/pure v0.0.0-20170911042516-dd99f50b7780 h1:kzaiRTGY77jL8Pqvz3igYWdPPJBQmg7Iky6ytb3lYsc=
github.com/go-playground/pure v0.0.0-20170911042516-dd99f50b7780/go.mod h1:k2eRJXw80qTBI0vn3rVf3CcZRLtdbPb0FPV7sDZGk5o=
github.com/kardianos/osext v0.0.0-20170510131534-ae77be60afb1/go.mod h1:1NbS8ALrpOvjt0rHPNLyCIeMtbizbir8U//inJ+zuB8=
github.com/kardianos/osext v0.0.0-20190222173326-2bc1f35cddc0 h1:iQTw/8FWTuc7uiaSepXwyf3o52HaUYcV+Tu66S3F5GA=
github.com/kardianos/osext v0.0.0-20190222173326-2bc1f35cddc0/go.mod h1:1NbS8ALrpOvjt0rHPNLyCIeMtbizbir8U//inJ+zuB8=
github.com/kisielk/sqlstruct v0.0.0-20150923205031-648daed35d49 h1:o/c0aWEP/m6n61xlYW2QP4t9424qlJOsxugn5Zds2Rg=
github.com/kisielk/sqlstruct v0.0.0-20150923205031-648daed35d49/go.mod h1:yyMNCyc/Ib3bDTKd379tNMpB/7/H5TjM2Y9QJ5THLbE=
github.com/mattn/go-sqlite3 v1.9.0/go.mod h1:FPy6KqzDD04eiIsT53CuJW3U88zkxoIYsOqkbpncsNc=
github.com/mattn/go-sqlite3 v1.10.0 h1:jbhqpg7tQe4SupckyijYiy0mJJ/pRyHvXf7JdWK860o=
github.com/mattn/go-sqlite3 v1.10.0/go.mod h1:FPy6KqzDD04eiIsT53CuJW3U88zkxoIYsOqkbpncsNc=
github.com/remind101/migrate v0.0.0-20170729031349-52c1edff7319 h1:ukjThsA2ou7AmovpwtMVkNQSuoN/v5U16+JomTz3c7o=
github.com/remind101/migrate v0.0.0-20170729031349-52c1edff7319/go.mod h1:rhSvwcijY9wfmrBYrfCvapX8/xOTV46NAUjBRgUyJqc=
github.com/satori/go.uuid v0.0.0-20180103174451-36e9d2ebbde5 h1:tfcGHuraNSEY9xRb9ckCMqMD7xAjzrYI1WpD7DA+nz8=
github.com/satori/go.uuid v0.0.0-20180103174451-36e9d2ebbde5/go.mod h1:dA0hQrYB0VpLJoorglMZABFdXlWrHn1NEOzdhQKdks0=
github.com/sevlyar/go-daemon v0.1.4 h1:Ayxp/9SNHwPBjV+kKbnHl2ch6rhxTu08jfkGkoxgULQ=
github.com/sevlyar/go-daemon v0.1.4/go.mod h1:6dJpPatBT9eUwM5VCw9Bt6CdX9Tk6UWvhW3MebLDRKE=
